
Microsoft Visual Studio Solution File, Format Version 12.00
# Visual Studio 15
VisualStudioVersion = 15.0.28307.168
MinimumVisualStudioVersion = 10.0.40219.1
Project("{9A19103F-16F7-4668-BE54-9A1E7A4F7556}") = "IEvangelist.VideoChat", "IEvangelist.VideoChat.csproj", "{C57C202E-A41A-4AA2-A0EF-455F8D020D98}"
EndProject
Global
	GlobalSection(SolutionConfigurationPlatforms) = preSolution
		Debug|Any CPU = Debug|Any CPU
		Release|Any CPU = Release|Any CPU
	EndGlobalSection
	GlobalSection(ProjectConfigurationPlatforms) = postSolution
		{C57C202E-A41A-4AA2-A0EF-455F8D020D98}.Debug|Any CPU.ActiveCfg = Debug|Any CPU
		{C57C202E-A41A-4AA2-A0EF-455F8D020D98}.Debug|Any CPU.Build.0 = Debug|Any CPU
		{C57C202E-A41A-4AA2-A0EF-455F8D020D98}.Release|Any CPU.ActiveCfg = Release|Any CPU
		{C57C202E-A41A-4AA2-A0EF-455F8D020D98}.Release|Any CPU.Build.0 = Release|Any CPU
	EndGlobalSection
	GlobalSection(SolutionProperties) = preSolution
		HideSolutionNode = FALSE
	EndGlobalSection
	GlobalSection(ExtensibilityGlobals) = postSolution
		SolutionGuid = {5EF427F5-327D-4A31-ABC8-FC1721939B51}
	EndGlobalSection
EndGlobal
